
Microsoft Visual Studio Solution File, Format Version 12.00
# Visual Studio Version 17
VisualStudioVersion = 17.11.35327.3
MinimumVisualStudioVersion = 10.0.40219.1
Project("{9A19103F-16F7-4668-BE54-9A1E7A4F7556}") = "ServiceFriends.WebApi", "Presentation\ServiceFriends.WebApi\ServiceFriends.WebApi.csproj", "{9B97931F-7D1C-47CB-BF56-975AD263888F}"
EndProject
Project("{2150E333-8FDC-42A3-9474-1A3956D46DE8}") = "Presentation", "Presentation", "{C4BEEB17-656E-43C0-9B99-B9EE69DC3676}"
EndProject
Project("{2150E333-8FDC-42A3-9474-1A3956D46DE8}") = "Infrastructure", "Infrastructure", "{0777BB40-2D39-4873-89CF-C717E924BAC6}"
EndProject
Project("{FAE04EC0-301F-11D3-BF4B-00C04F79EFBC}") = "ServiceFriends.Domain", "ServiceFriends.Domain\ServiceFriends.Domain.csproj", "{68F929DA-BA66-4450-8014-611C47457561}"
EndProject
Project("{FAE04EC0-301F-11D3-BF4B-00C04F79EFBC}") = "ServiceFriends.DataEntityFramework", "Infrastructure\ServiceFriends.DataEntityFramework\ServiceFriends.DataEntityFramework.csproj", "{9DAFFB86-B55B-488E-BAEF-87B1D3F32F6E}"
EndProject
Global
	GlobalSection(SolutionConfigurationPlatforms) = preSolution
		Debug|Any CPU = Debug|Any CPU
		Release|Any CPU = Release|Any CPU
	EndGlobalSection
	GlobalSection(ProjectConfigurationPlatforms) = postSolution
		{9B97931F-7D1C-47CB-BF56-975AD263888F}.Debug|Any CPU.ActiveCfg = Debug|Any CPU
		{9B97931F-7D1C-47CB-BF56-975AD263888F}.Debug|Any CPU.Build.0 = Debug|Any CPU
		{9B97931F-7D1C-47CB-BF56-975AD263888F}.Release|Any CPU.ActiveCfg = Release|Any CPU
		{9B97931F-7D1C-47CB-BF56-975AD263888F}.Release|Any CPU.Build.0 = Release|Any CPU
		{68F929DA-BA66-4450-8014-611C47457561}.Debug|Any CPU.ActiveCfg = Debug|Any CPU
		{68F929DA-BA66-4450-8014-611C47457561}.Debug|Any CPU.Build.0 = Debug|Any CPU
		{68F929DA-BA66-4450-8014-611C47457561}.Release|Any CPU.ActiveCfg = Release|Any CPU
		{68F929DA-BA66-4450-8014-611C47457561}.Release|Any CPU.Build.0 = Release|Any CPU
		{9DAFFB86-B55B-488E-BAEF-87B1D3F32F6E}.Debug|Any CPU.ActiveCfg = Debug|Any CPU
		{9DAFFB86-B55B-488E-BAEF-87B1D3F32F6E}.Debug|Any CPU.Build.0 = Debug|Any CPU
		{9DAFFB86-B55B-488E-BAEF-87B1D3F32F6E}.Release|Any CPU.ActiveCfg = Release|Any CPU
		{9DAFFB86-B55B-488E-BAEF-87B1D3F32F6E}.Release|Any CPU.Build.0 = Release|Any CPU
	EndGlobalSection
	GlobalSection(SolutionProperties) = preSolution
		HideSolutionNode = FALSE
	EndGlobalSection
	GlobalSection(NestedProjects) = preSolution
		{9B97931F-7D1C-47CB-BF56-975AD263888F} = {C4BEEB17-656E-43C0-9B99-B9EE69DC3676}
		{9DAFFB86-B55B-488E-BAEF-87B1D3F32F6E} = {0777BB40-2D39-4873-89CF-C717E924BAC6}
	EndGlobalSection
	GlobalSection(ExtensibilityGlobals) = postSolution
		SolutionGuid = {542610C9-B92F-493B-B502-1152AFC5E48A}
	EndGlobalSection
EndGlobal
